
Microsoft Visual Studio Solution File, Format Version 12.00
# Visual Studio 2012
Project("{FAE04EC0-301F-11D3-BF4B-00C04F79EFBC}") = "EmbSysRegView", "EmbSysRegView\EmbSysRegView.csproj", "{D672A33F-A51C-44C0-BA00-396411FACF61}"
EndProject
Project("{FAE04EC0-301F-11D3-BF4B-00C04F79EFBC}") = "Aga.Controls", "Aga.Controls\Aga.Controls.csproj", "{E73BB233-D88B-44A7-A98F-D71EE158381D}"
EndProject
Project("{2150E333-8FDC-42A3-9474-1A3956D46DE8}") = ".nuget", ".nuget", "{0D09B04F-C599-488B-896D-B44ED6A7D4DD}"
	ProjectSection(SolutionItems) = preProject
		.nuget\NuGet.Config = .nuget\NuGet.Config
		.nuget\NuGet.exe = .nuget\NuGet.exe
		.nuget\NuGet.targets = .nuget\NuGet.targets
	EndProjectSection
EndProject
Project("{FAE04EC0-301F-11D3-BF4B-00C04F79EFBC}") = "OpenOcdTclClient", "OpenOcdTclClient\OpenOcdTclClient\OpenOcdTclClient.csproj", "{A171E5BD-B338-4666-9B6A-02F443FF61B0}"
EndProject
Global
	GlobalSection(SolutionConfigurationPlatforms) = preSolution
		Debug|Any CPU = Debug|Any CPU
		Release|Any CPU = Release|Any CPU
	EndGlobalSection
	GlobalSection(ProjectConfigurationPlatforms) = postSolution
		{D672A33F-A51C-44C0-BA00-396411FACF61}.Debug|Any CPU.ActiveCfg = Debug|Any CPU
		{D672A33F-A51C-44C0-BA00-396411FACF61}.Debug|Any CPU.Build.0 = Debug|Any CPU
		{D672A33F-A51C-44C0-BA00-396411FACF61}.Release|Any CPU.ActiveCfg = Release|Any CPU
		{D672A33F-A51C-44C0-BA00-396411FACF61}.Release|Any CPU.Build.0 = Release|Any CPU
		{E73BB233-D88B-44A7-A98F-D71EE158381D}.Debug|Any CPU.ActiveCfg = Debug|Any CPU
		{E73BB233-D88B-44A7-A98F-D71EE158381D}.Debug|Any CPU.Build.0 = Debug|Any CPU
		{E73BB233-D88B-44A7-A98F-D71EE158381D}.Release|Any CPU.ActiveCfg = Release|Any CPU
		{E73BB233-D88B-44A7-A98F-D71EE158381D}.Release|Any CPU.Build.0 = Release|Any CPU
		{A171E5BD-B338-4666-9B6A-02F443FF61B0}.Debug|Any CPU.ActiveCfg = Debug|Any CPU
		{A171E5BD-B338-4666-9B6A-02F443FF61B0}.Debug|Any CPU.Build.0 = Debug|Any CPU
		{A171E5BD-B338-4666-9B6A-02F443FF61B0}.Release|Any CPU.ActiveCfg = Release|Any CPU
		{A171E5BD-B338-4666-9B6A-02F443FF61B0}.Release|Any CPU.Build.0 = Release|Any CPU
	EndGlobalSection
	GlobalSection(SolutionProperties) = preSolution
		HideSolutionNode = FALSE
	EndGlobalSection
EndGlobal
